PODS:
  - EasyAlert (0.1.5)
  - SnapKit (5.6.0)

DEPENDENCIES:
  - EasyAlert (from `../`)
  - SnapKit

SPEC REPOS:
  trunk:
    - SnapKit

EXTERNAL SOURCES:
  EasyAlert:
    :path: "../"

SPEC CHECKSUMS:
  EasyAlert: 34417aa95cfa5aef2c7ba0c5d2672d67c4cc97fd
  SnapKit: e01d52ebb8ddbc333eefe2132acf85c8227d9c25

PODFILE CHECKSUM: a57a938c89e51457faf4ae63515fecf4982ba02c

COCOAPODS: 1.11.3
